// !$*UTF8*$!
{
	archiveVersion = 1;
	classes = {
	};
	objectVersion = 77;
	objects = {

/* Begin PBXBuildFile section */
		368EAE632FCB124D00685737 /* LaTeXSwiftUI in Frameworks */ = {isa = PBXBuildFile; productRef = 368EAE622FCB124D00685737 /* LaTeXSwiftUI */; };
		368EAE6D2FCB303B00685737 /* RevenueCat in Frameworks */ = {isa = PBXBuildFile; productRef = 368EAE6C2FCB303B00685737 /* RevenueCat */; };
/* End PBXBuildFile section */

/* Begin PBXContainerItemProxy section */
		368EAE102FC9AB1900685737 /* PBXContainerItemProxy */ = {
			isa = PBXContainerItemProxy;
			containerPortal = 368EADF82FC9AB1600685737 /* Project object */;
			proxyType = 1;
			remoteGlobalIDString = 368EADFF2FC9AB1600685737;
			remoteInfo = Revvo;
		};
		368EAE1A2FC9AB1900685737 /* PBXContainerItemProxy */ = {
			isa = PBXContainerItemProxy;
			containerPortal = 368EADF82FC9AB1600685737 /* Project object */;
			proxyType = 1;
			remoteGlobalIDString = 368EADFF2FC9AB1600685737;
			remoteInfo = Revvo;
		};
/* End PBXContainerItemProxy section */

/* Begin PBXFileReference section */
		368EAE002FC9AB1600685737 /* Revvo.app */ = {isa = PBXFileReference; explicitFileType = wrapper.application; includeInIndex = 0; path = Revvo.app; sourceTree = BUILT_PRODUCTS_DIR; };
		368EAE0F2FC9AB1900685737 /* RevvoTests.xctest */ = {isa = PBXFileReference; explicitFileType = wrapper.cfbundle; includeInIndex = 0; path = RevvoTests.xctest; sourceTree = BUILT_PRODUCTS_DIR; };
		368EAE192FC9AB1900685737 /* RevvoUITests.xctest */ = {isa = PBXFileReference; explicitFileType = wrapper.cfbundle; includeInIndex = 0; path = RevvoUITests.xctest; sourceTree = BUILT_PRODUCTS_DIR; };
/* End PBXFileReference section */

/* Begin PBXFileSystemSynchronizedBuildFileExceptionSet section */
		368EAE422FC9B35B00685737 /* Exceptions for "Revvo" folder in "Revvo" target */ = {
			isa = PBXFileSystemSynchronizedBuildFileExceptionSet;
			membershipExceptions = (
				Info.plist,
			);
			target = 368EADFF2FC9AB1600685737 /* Revvo */;
		};
/* End PBXFileSystemSynchronizedBuildFileExceptionSet section */

/* Begin PBXFileSystemSynchronizedRootGroup section */
		368EAE022FC9AB1600685737 /* Revvo */ = {
			isa = PBXFileSystemSynchronizedRootGroup;
			exceptions = (
				368EAE422FC9B35B00685737 /* Exceptions for "Revvo" folder in "Revvo" target */,
			);
			path = Revvo;
			sourceTree = "<group>";
		};
		368EAE122FC9AB1900685737 /* RevvoTests */ = {
			isa = PBXFileSystemSynchronizedRootGroup;
			path = RevvoTests;
			sourceTree = "<group>";
		};
		368EAE1C2FC9AB1900685737 /* RevvoUITests */ = {
			isa = PBXFileSystemSynchronizedRootGroup;
			path = RevvoUITests;
			sourceTree = "<group>";
		};
/* End PBXFileSystemSynchronizedRootGroup section */

/* Begin PBXFrameworksBuildPhase section */
		368EADFD2FC9AB1600685737 /* Frameworks */ = {
			isa = PBXFrameworksBuildPhase;
			buildActionMask = 2147483647;
			files = (
				368EAE6D2FCB303B00685737 /* RevenueCat in Frameworks */,
				368EAE632FCB124D00685737 /* LaTeXSwiftUI in Frameworks */,
			);
			runOnlyForDeploymentPostprocessing = 0;
		};
		368EAE0C2FC9AB1900685737 /* Frameworks */ = {
			isa = PBXFrameworksBuildPhase;
			buildActionMask = 2147483647;
			files = (
			);
			runOnlyForDeploymentPostprocessing = 0;
		};
		368EAE162FC9AB1900685737 /* Frameworks */ = {
			isa = PBXFrameworksBuildPhase;
			buildActionMask = 2147483647;
			files = (
			);
			runOnlyForDeploymentPostprocessing = 0;
		};
/* End PBXFrameworksBuildPhase section */

/* Begin PBXGroup section */
		368EADF72FC9AB1600685737 = {
			isa = PBXGroup;
			children = (
				368EAE022FC9AB1600685737 /* Revvo */,
				368EAE122FC9AB1900685737 /* RevvoTests */,
				368EAE1C2FC9AB1900685737 /* RevvoUITests */,
				368EAE612FCB124D00685737 /* Frameworks */,
				368EAE012FC9AB1600685737 /* Products */,
			);
			sourceTree = "<group>";
		};
		368EAE012FC9AB1600685737 /* Products */ = {
			isa = PBXGroup;
			children = (
				368EAE002FC9AB1600685737 /* Revvo.app */,
				368EAE0F2FC9AB1900685737 /* RevvoTests.xctest */,
				368EAE192FC9AB1900685737 /* RevvoUITests.xctest */,
			);
			name = Products;
			sourceTree = "<group>";
		};
		368EAE612FCB124D00685737 /* Frameworks */ = {
			isa = PBXGroup;
			children = (
			);
			name = Frameworks;
			sourceTree = "<group>";
		};
/* End PBXGroup section */

/* Begin PBXNativeTarget section */
		368EADFF2FC9AB1600685737 /* Revvo */ = {
			isa = PBXNativeTarget;
			buildConfigurationList = 368EAE232FC9AB1900685737 /* Build configuration list for PBXNativeTarget "Revvo" */;
			buildPhases = (
				368EADFC2FC9AB1600685737 /* Sources */,
				368EADFD2FC9AB1600685737 /* Frameworks */,
				368EADFE2FC9AB1600685737 /* Resources */,
			);
			buildRules = (
			);
			dependencies = (
			);
			fileSystemSynchronizedGroups = (
				368EAE022FC9AB1600685737 /* Revvo */,
			);
			name = Revvo;
			packageProductDependencies = (
				368EAE622FCB124D00685737 /* LaTeXSwiftUI */,
				368EAE6C2FCB303B00685737 /* RevenueCat */,
			);
			productName = Revvo;
			productReference = 368EAE002FC9AB1600685737 /* Revvo.app */;
			productType = "com.apple.product-type.application";
		};
		368EAE0E2FC9AB1900685737 /* RevvoTests */ = {
			isa = PBXNativeTarget;
			buildConfigurationList = 368EAE262FC9AB1900685737 /* Build configuration list for PBXNativeTarget "RevvoTests" */;
			buildPhases = (
				368EAE0B2FC9AB1900685737 /* Sources */,
				368EAE0C2FC9AB1900685737 /* Frameworks */,
				368EAE0D2FC9AB1900685737 /* Resources */,
			);
			buildRules = (
			);
			dependencies = (
				368EAE112FC9AB1900685737 /* PBXTargetDependency */,
			);
			fileSystemSynchronizedGroups = (
				368EAE122FC9AB1900685737 /* RevvoTests */,
			);
			name = RevvoTests;
			packageProductDependencies = (
			);
			productName = RevvoTests;
			productReference = 368EAE0F2FC9AB1900685737 /* RevvoTests.xctest */;
			productType = "com.apple.product-type.bundle.unit-test";
		};
		368EAE182FC9AB1900685737 /* RevvoUITests */ = {
			isa = PBXNativeTarget;
			buildConfigurationList = 368EAE292FC9AB1900685737 /* Build configuration list for PBXNativeTarget "RevvoUITests" */;
			buildPhases = (
				368EAE152FC9AB1900685737 /* Sources */,
				368EAE162FC9AB1900685737 /* Frameworks */,
				368EAE172FC9AB1900685737 /* Resources */,
			);
			buildRules = (
			);
			dependencies = (
				368EAE1B2FC9AB1900685737 /* PBXTargetDependency */,
			);
			fileSystemSynchronizedGroups = (
				368EAE1C2FC9AB1900685737 /* RevvoUITests */,
			);
			name = RevvoUITests;
			packageProductDependencies = (
			);
			productName = RevvoUITests;
			productReference = 368EAE192FC9AB1900685737 /* RevvoUITests.xctest */;
			productType = "com.apple.product-type.bundle.ui-testing";
		};
/* End PBXNativeTarget section */

/* Begin PBXProject section */
		368EADF82FC9AB1600685737 /* Project object */ = {
			isa = PBXProject;
			attributes = {
				BuildIndependentTargetsInParallel = 1;
				LastSwiftUpdateCheck = 2640;
				LastUpgradeCheck = 2640;
				TargetAttributes = {
					368EADFF2FC9AB1600685737 = {
						CreatedOnToolsVersion = 26.4;
					};
					368EAE0E2FC9AB1900685737 = {
						CreatedOnToolsVersion = 26.4;
						TestTargetID = 368EADFF2FC9AB1600685737;
					};
					368EAE182FC9AB1900685737 = {
						CreatedOnToolsVersion = 26.4;
						TestTargetID = 368EADFF2FC9AB1600685737;
					};
				};
			};
			buildConfigurationList = 368EADFB2FC9AB1600685737 /* Build configuration list for PBXProject "Revvo" */;
			developmentRegion = en;
			hasScannedForEncodings = 0;
			knownRegions = (
				en,
				Base,
			);
			mainGroup = 368EADF72FC9AB1600685737;
			minimizedProjectReferenceProxies = 1;
			packageReferences = (
				368EAE5E2FCB113B00685737 /* XCRemoteSwiftPackageReference "LaTeXSwiftUI" */,
				368EAE6B2FCB303B00685737 /* XCRemoteSwiftPackageReference "purchases-ios" */,
			);
			preferredProjectObjectVersion = 77;
			productRefGroup = 368EAE012FC9AB1600685737 /* Products */;
			projectDirPath = "";
			projectRoot = "";
			targets = (
				368EADFF2FC9AB1600685737 /* Revvo */,
				368EAE0E2FC9AB1900685737 /* RevvoTests */,
				368EAE182FC9AB1900685737 /* RevvoUITests */,
			);
		};
/* End PBXProject section */

/* Begin PBXResourcesBuildPhase section */
		368EADFE2FC9AB1600685737 /* Resources */ = {
			isa = PBXResourcesBuildPhase;
			buildActionMask = 2147483647;
			files = (
			);
			runOnlyForDeploymentPostprocessing = 0;
		};
		368EAE0D2FC9AB1900685737 /* Resources */ = {
			isa = PBXResourcesBuildPhase;
			buildActionMask = 2147483647;
			files = (
			);
			runOnlyForDeploymentPostprocessing = 0;
		};
		368EAE172FC9AB1900685737 /* Resources */ = {
			isa = PBXResourcesBuildPhase;
			buildActionMask = 2147483647;
			files = (
			);
			runOnlyForDeploymentPostprocessing = 0;
		};
/* End PBXResourcesBuildPhase section */

/* Begin PBXSourcesBuildPhase section */
		368EADFC2FC9AB1600685737 /* Sources */ = {
			isa = PBXSourcesBuildPhase;
			buildActionMask = 2147483647;
			files = (
			);
			runOnlyForDeploymentPostprocessing = 0;
		};
		368EAE0B2FC9AB1900685737 /* Sources */ = {
			isa = PBXSourcesBuildPhase;
			buildActionMask = 2147483647;
			files = (
			);
			runOnlyForDeploymentPostprocessing = 0;
		};
		368EAE152FC9AB1900685737 /* Sources */ = {
			isa = PBXSourcesBuildPhase;
			buildActionMask = 2147483647;
			files = (
			);
			runOnlyForDeploymentPostprocessing = 0;
		};
/* End PBXSourcesBuildPhase section */

/* Begin PBXTargetDependency section */
		368EAE112FC9AB1900685737 /* PBXTargetDependency */ = {
			isa = PBXTargetDependency;
			target = 368EADFF2FC9AB1600685737 /* Revvo */;
			targetProxy = 368EAE102FC9AB1900685737 /* PBXContainerItemProxy */;
		};
		368EAE1B2FC9AB1900685737 /* PBXTargetDependency */ = {
			isa = PBXTargetDependency;
			target = 368EADFF2FC9AB1600685737 /* Revvo */;
			targetProxy = 368EAE1A2FC9AB1900685737 /* PBXContainerItemProxy */;
		};
/* End PBXTargetDependency section */

/* Begin XCBuildConfiguration section */
		368EAE212FC9AB1900685737 /* Debug */ = {
			isa = XCBuildConfiguration;
			buildSettings = {
				ALWAYS_SEARCH_USER_PATHS = NO;
				ASSETCATALOG_COMPILER_GENERATE_SWIFT_ASSET_SYMBOL_EXTENSIONS = YES;
				CLANG_ANALYZER_NONNULL = YES;
				CLANG_ANALYZER_NUMBER_OBJECT_CONVERSION = YES_AGGRESSIVE;
				CLANG_CXX_LANGUAGE_STANDARD = "gnu++20";
				CLANG_ENABLE_MODULES = YES;
				CLANG_ENABLE_OBJC_ARC = YES;
				CLANG_ENABLE_OBJC_WEAK = YES;
				CLANG_WARN_BLOCK_CAPTURE_AUTORELEASING = YES;
				CLANG_WARN_BOOL_CONVERSION = YES;
				CLANG_WARN_COMMA = YES;
				CLANG_WARN_CONSTANT_CONVERSION = YES;
				CLANG_WARN_DEPRECATED_OBJC_IMPLEMENTATIONS = YES;
				CLANG_WARN_DIRECT_OBJC_ISA_USAGE = YES_ERROR;
				CLANG_WARN_DOCUMENTATION_COMMENTS = YES;
				CLANG_WARN_EMPTY_BODY = YES;
				CLANG_WARN_ENUM_CONVERSION = YES;
				CLANG_WARN_INFINITE_RECURSION = YES;
				CLANG_WARN_INT_CONVERSION = YES;
				CLANG_WARN_NON_LITERAL_NULL_CONVERSION = YES;
				CLANG_WARN_OBJC_IMPLICIT_RETAIN_SELF = YES;
				CLANG_WARN_OBJC_LITERAL_CONVERSION = YES;
				CLANG_WARN_OBJC_ROOT_CLASS = YES_ERROR;
				CLANG_WARN_QUOTED_INCLUDE_IN_FRAMEWORK_HEADER = YES;
				CLANG_WARN_RANGE_LOOP_ANALYSIS = YES;
				CLANG_WARN_STRICT_PROTOTYPES = YES;
				CLANG_WARN_SUSPICIOUS_MOVE = YES;
				CLANG_WARN_UNGUARDED_AVAILABILITY = YES_AGGRESSIVE;
				CLANG_WARN_UNREACHABLE_CODE = YES;
				CLANG_WARN__DUPLICATE_METHOD_MATCH = YES;
				COPY_PHASE_STRIP = NO;
				DEBUG_INFORMATION_FORMAT = dwarf;
				DEVELOPMENT_TEAM = ZQADUF26X5;
				ENABLE_STRICT_OBJC_MSGSEND = YES;
				ENABLE_TESTABILITY = YES;
				ENABLE_USER_SCRIPT_SANDBOXING = YES;
				GCC_C_LANGUAGE_STANDARD = gnu17;
				GCC_DYNAMIC_NO_PIC = NO;
				GCC_NO_COMMON_BLOCKS = YES;
				GCC_OPTIMIZATION_LEVEL = 0;
				GCC_PREPROCESSOR_DEFINITIONS = (
					"DEBUG=1",
					"$(inherited)",
				);
				GCC_WARN_64_TO_32_BIT_CONVERSION = YES;
				GCC_WARN_ABOUT_RETURN_TYPE = YES_ERROR;
				GCC_WARN_UNDECLARED_SELECTOR = YES;
				GCC_WARN_UNINITIALIZED_AUTOS = YES_AGGRESSIVE;
				GCC_WARN_UNUSED_FUNCTION = YES;
				GCC_WARN_UNUSED_VARIABLE = YES;
				IPHONEOS_DEPLOYMENT_TARGET = 26.4;
				LOCALIZATION_PREFERS_STRING_CATALOGS = YES;
				MTL_ENABLE_DEBUG_INFO = INCLUDE_SOURCE;
				MTL_FAST_MATH = YES;
				ONLY_ACTIVE_ARCH = YES;
				SDKROOT = iphoneos;
				SWIFT_ACTIVE_COMPILATION_CONDITIONS = "DEBUG $(inherited)";
				SWIFT_OPTIMIZATION_LEVEL = "-Onone";
			};
			name = Debug;
		};
		368EAE222FC9AB1900685737 /* Release */ = {
			isa = XCBuildConfiguration;
			buildSettings = {
				ALWAYS_SEARCH_USER_PATHS = NO;
				ASSETCATALOG_COMPILER_GENERATE_SWIFT_ASSET_SYMBOL_EXTENSIONS = YES;
				CLANG_ANALYZER_NONNULL = YES;
				CLANG_ANALYZER_NUMBER_OBJECT_CONVERSION = YES_AGGRESSIVE;
				CLANG_CXX_LANGUAGE_STANDARD = "gnu++20";
				CLANG_ENABLE_MODULES = YES;
				CLANG_ENABLE_OBJC_ARC = YES;
				CLANG_ENABLE_OBJC_WEAK = YES;
				CLANG_WARN_BLOCK_CAPTURE_AUTORELEASING = YES;
				CLANG_WARN_BOOL_CONVERSION = YES;
				CLANG_WARN_COMMA = YES;
				CLANG_WARN_CONSTANT_CONVERSION = YES;
				CLANG_WARN_DEPRECATED_OBJC_IMPLEMENTATIONS = YES;
				CLANG_WARN_DIRECT_OBJC_ISA_USAGE = YES_ERROR;
				CLANG_WARN_DOCUMENTATION_COMMENTS = YES;
				CLANG_WARN_EMPTY_BODY = YES;
				CLANG_WARN_ENUM_CONVERSION = YES;
				CLANG_WARN_INFINITE_RECURSION = YES;
				CLANG_WARN_INT_CONVERSION = YES;
				CLANG_WARN_NON_LITERAL_NULL_CONVERSION = YES;
				CLANG_WARN_OBJC_IMPLICIT_RETAIN_SELF = YES;
				CLANG_WARN_OBJC_LITERAL_CONVERSION = YES;
				CLANG_WARN_OBJC_ROOT_CLASS = YES_ERROR;
				CLANG_WARN_QUOTED_INCLUDE_IN_FRAMEWORK_HEADER = YES;
				CLANG_WARN_RANGE_LOOP_ANALYSIS = YES;
				CLANG_WARN_STRICT_PROTOTYPES = YES;
				CLANG_WARN_SUSPICIOUS_MOVE = YES;
				CLANG_WARN_UNGUARDED_AVAILABILITY = YES_AGGRESSIVE;
				CLANG_WARN_UNREACHABLE_CODE = YES;
				CLANG_WARN__DUPLICATE_METHOD_MATCH = YES;
				COPY_PHASE_STRIP = NO;
				DEBUG_INFORMATION_FORMAT = "dwarf-with-dsym";
				DEVELOPMENT_TEAM = ZQADUF26X5;
				ENABLE_NS_ASSERTIONS = NO;
				ENABLE_STRICT_OBJC_MSGSEND = YES;
				ENABLE_USER_SCRIPT_SANDBOXING = YES;
				GCC_C_LANGUAGE_STANDARD = gnu17;
				GCC_NO_COMMON_BLOCKS = YES;
				GCC_WARN_64_TO_32_BIT_CONVERSION = YES;
				GCC_WARN_ABOUT_RETURN_TYPE = YES_ERROR;
				GCC_WARN_UNDECLARED_SELECTOR = YES;
				GCC_WARN_UNINITIALIZED_AUTOS = YES_AGGRESSIVE;
				GCC_WARN_UNUSED_FUNCTION = YES;
				GCC_WARN_UNUSED_VARIABLE = YES;
				IPHONEOS_DEPLOYMENT_TARGET = 26.4;
				LOCALIZATION_PREFERS_STRING_CATALOGS = YES;
				MTL_ENABLE_DEBUG_INFO = NO;
				MTL_FAST_MATH = YES;
				SDKROOT = iphoneos;
				SWIFT_COMPILATION_MODE = wholemodule;
				VALIDATE_PRODUCT = YES;
			};
			name = Release;
		};
		368EAE242FC9AB1900685737 /* Debug */ = {
			isa = XCBuildConfiguration;
			buildSettings = {
				ASSETCATALOG_COMPILER_APPICON_NAME = AppIcon;
				ASSETCATALOG_COMPILER_GLOBAL_ACCENT_COLOR_NAME = AccentColor;
				ASSETCATALOG_COMPILER_INCLUDE_ALL_APPICON_ASSETS = NO;
				CODE_SIGN_STYLE = Automatic;
				CURRENT_PROJECT_VERSION = 1;
				DEVELOPMENT_TEAM = ZQADUF26X5;
				ENABLE_PREVIEWS = YES;
				GENERATE_INFOPLIST_FILE = YES;
				INFOPLIST_FILE = Revvo/Info.plist;
				INFOPLIST_KEY_NSCameraUsageDescription = "Revvo needs camera access to scan your notes and generate flashcards";
				INFOPLIST_KEY_UIApplicationSceneManifest_Generation = YES;
				INFOPLIST_KEY_UIApplicationSupportsIndirectInputEvents = YES;
				INFOPLIST_KEY_UILaunchScreen_Generation = YES;
				INFOPLIST_KEY_UILaunchStoryboardName = LaunchBackground;
				INFOPLIST_KEY_UISupportedInterfaceOrientations_iPad = "UIInterfaceOrientationPortrait UIInterfaceOrientationPortraitUpsideDown UIInterfaceOrientationLandscapeLeft UIInterfaceOrientationLandscapeRight";
				INFOPLIST_KEY_UISupportedInterfaceOrientations_iPhone = "UIInterfaceOrientationPortrait UIInterfaceOrientationLandscapeLeft UIInterfaceOrientationLandscapeRight";
				LD_RUNPATH_SEARCH_PATHS = (
					"$(inherited)",
					"@executable_path/Frameworks",
				);
				MARKETING_VERSION = 1.0;
				PRODUCT_BUNDLE_IDENTIFIER = com.suftnet.revvo;
				PRODUCT_NAME = "$(TARGET_NAME)";
				STRING_CATALOG_GENERATE_SYMBOLS = YES;
				SWIFT_APPROACHABLE_CONCURRENCY = YES;
				SWIFT_DEFAULT_ACTOR_ISOLATION = MainActor;
				SWIFT_EMIT_LOC_STRINGS = YES;
				SWIFT_UPCOMING_FEATURE_MEMBER_IMPORT_VISIBILITY = YES;
				SWIFT_VERSION = 5.0;
				TARGETED_DEVICE_FAMILY = "1,2";
			};
			name = Debug;
		};
		368EAE252FC9AB1900685737 /* Release */ = {
			isa = XCBuildConfiguration;
			buildSettings = {
				ASSETCATALOG_COMPILER_APPICON_NAME = AppIcon;
				ASSETCATALOG_COMPILER_GLOBAL_ACCENT_COLOR_NAME = AccentColor;
				ASSETCATALOG_COMPILER_INCLUDE_ALL_APPICON_ASSETS = NO;
				CODE_SIGN_STYLE = Automatic;
				CURRENT_PROJECT_VERSION = 1;
				DEVELOPMENT_TEAM = ZQADUF26X5;
				ENABLE_PREVIEWS = YES;
				GENERATE_INFOPLIST_FILE = YES;
				INFOPLIST_FILE = Revvo/Info.plist;
				INFOPLIST_KEY_NSCameraUsageDescription = "Revvo needs camera access to scan your notes and generate flashcards";
				INFOPLIST_KEY_UIApplicationSceneManifest_Generation = YES;
				INFOPLIST_KEY_UIApplicationSupportsIndirectInputEvents = YES;
				INFOPLIST_KEY_UILaunchScreen_Generation = YES;
				INFOPLIST_KEY_UILaunchStoryboardName = LaunchBackground;
				INFOPLIST_KEY_UISupportedInterfaceOrientations_iPad = "UIInterfaceOrientationPortrait UIInterfaceOrientationPortraitUpsideDown UIInterfaceOrientationLandscapeLeft UIInterfaceOrientationLandscapeRight";
				INFOPLIST_KEY_UISupportedInterfaceOrientations_iPhone = "UIInterfaceOrientationPortrait UIInterfaceOrientationLandscapeLeft UIInterfaceOrientationLandscapeRight";
				LD_RUNPATH_SEARCH_PATHS = (
					"$(inherited)",
					"@executable_path/Frameworks",
				);
				MARKETING_VERSION = 1.0;
				PRODUCT_BUNDLE_IDENTIFIER = com.suftnet.revvo;
				PRODUCT_NAME = "$(TARGET_NAME)";
				STRING_CATALOG_GENERATE_SYMBOLS = YES;
				SWIFT_APPROACHABLE_CONCURRENCY = YES;
				SWIFT_DEFAULT_ACTOR_ISOLATION = MainActor;
				SWIFT_EMIT_LOC_STRINGS = YES;
				SWIFT_UPCOMING_FEATURE_MEMBER_IMPORT_VISIBILITY = YES;
				SWIFT_VERSION = 5.0;
				TARGETED_DEVICE_FAMILY = "1,2";
			};
			name = Release;
		};
		368EAE272FC9AB1900685737 /* Debug */ = {
			isa = XCBuildConfiguration;
			buildSettings = {
				BUNDLE_LOADER = "$(TEST_HOST)";
				CODE_SIGN_STYLE = Automatic;
				CURRENT_PROJECT_VERSION = 1;
				DEVELOPMENT_TEAM = ZQADUF26X5;
				GENERATE_INFOPLIST_FILE = YES;
				IPHONEOS_DEPLOYMENT_TARGET = 26.4;
				MARKETING_VERSION = 1.0;
				PRODUCT_BUNDLE_IDENTIFIER = com.suftnet.RevvoTests;
				PRODUCT_NAME = "$(TARGET_NAME)";
				STRING_CATALOG_GENERATE_SYMBOLS = NO;
				SWIFT_APPROACHABLE_CONCURRENCY = YES;
				SWIFT_EMIT_LOC_STRINGS = NO;
				SWIFT_UPCOMING_FEATURE_MEMBER_IMPORT_VISIBILITY = YES;
				SWIFT_VERSION = 5.0;
				TARGETED_DEVICE_FAMILY = "1,2";
				TEST_HOST = "$(BUILT_PRODUCTS_DIR)/Revvo.app/$(BUNDLE_EXECUTABLE_FOLDER_PATH)/Revvo";
			};
			name = Debug;
		};
		368EAE282FC9AB1900685737 /* Release */ = {
			isa = XCBuildConfiguration;
			buildSettings = {
				BUNDLE_LOADER = "$(TEST_HOST)";
				CODE_SIGN_STYLE = Automatic;
				CURRENT_PROJECT_VERSION = 1;
				DEVELOPMENT_TEAM = ZQADUF26X5;
				GENERATE_INFOPLIST_FILE = YES;
				IPHONEOS_DEPLOYMENT_TARGET = 26.4;
				MARKETING_VERSION = 1.0;
				PRODUCT_BUNDLE_IDENTIFIER = com.suftnet.RevvoTests;
				PRODUCT_NAME = "$(TARGET_NAME)";
				STRING_CATALOG_GENERATE_SYMBOLS = NO;
				SWIFT_APPROACHABLE_CONCURRENCY = YES;
				SWIFT_EMIT_LOC_STRINGS = NO;
				SWIFT_UPCOMING_FEATURE_MEMBER_IMPORT_VISIBILITY = YES;
				SWIFT_VERSION = 5.0;
				TARGETED_DEVICE_FAMILY = "1,2";
				TEST_HOST = "$(BUILT_PRODUCTS_DIR)/Revvo.app/$(BUNDLE_EXECUTABLE_FOLDER_PATH)/Revvo";
			};
			name = Release;
		};
		368EAE2A2FC9AB1900685737 /* Debug */ = {
			isa = XCBuildConfiguration;
			buildSettings = {
				CODE_SIGN_STYLE = Automatic;
				CURRENT_PROJECT_VERSION = 1;
				DEVELOPMENT_TEAM = ZQADUF26X5;
				GENERATE_INFOPLIST_FILE = YES;
				MARKETING_VERSION = 1.0;
				PRODUCT_BUNDLE_IDENTIFIER = com.suftnet.RevvoUITests;
				PRODUCT_NAME = "$(TARGET_NAME)";
				STRING_CATALOG_GENERATE_SYMBOLS = NO;
				SWIFT_APPROACHABLE_CONCURRENCY = YES;
				SWIFT_EMIT_LOC_STRINGS = NO;
				SWIFT_UPCOMING_FEATURE_MEMBER_IMPORT_VISIBILITY = YES;
				SWIFT_VERSION = 5.0;
				TARGETED_DEVICE_FAMILY = "1,2";
				TEST_TARGET_NAME = Revvo;
			};
			name = Debug;
		};
		368EAE2B2FC9AB1900685737 /* Release */ = {
			isa = XCBuildConfiguration;
			buildSettings = {
				CODE_SIGN_STYLE = Automatic;
				CURRENT_PROJECT_VERSION = 1;
				DEVELOPMENT_TEAM = ZQADUF26X5;
				GENERATE_INFOPLIST_FILE = YES;
				MARKETING_VERSION = 1.0;
				PRODUCT_BUNDLE_IDENTIFIER = com.suftnet.RevvoUITests;
				PRODUCT_NAME = "$(TARGET_NAME)";
				STRING_CATALOG_GENERATE_SYMBOLS = NO;
				SWIFT_APPROACHABLE_CONCURRENCY = YES;
				SWIFT_EMIT_LOC_STRINGS = NO;
				SWIFT_UPCOMING_FEATURE_MEMBER_IMPORT_VISIBILITY = YES;
				SWIFT_VERSION = 5.0;
				TARGETED_DEVICE_FAMILY = "1,2";
				TEST_TARGET_NAME = Revvo;
			};
			name = Release;
		};
/* End XCBuildConfiguration section */

/* Begin XCConfigurationList section */
		368EADFB2FC9AB1600685737 /* Build configuration list for PBXProject "Revvo" */ = {
			isa = XCConfigurationList;
			buildConfigurations = (
				368EAE212FC9AB1900685737 /* Debug */,
				368EAE222FC9AB1900685737 /* Release */,
			);
			defaultConfigurationIsVisible = 0;
			defaultConfigurationName = Release;
		};
		368EAE232FC9AB1900685737 /* Build configuration list for PBXNativeTarget "Revvo" */ = {
			isa = XCConfigurationList;
			buildConfigurations = (
				368EAE242FC9AB1900685737 /* Debug */,
				368EAE252FC9AB1900685737 /* Release */,
			);
			defaultConfigurationIsVisible = 0;
			defaultConfigurationName = Release;
		};
		368EAE262FC9AB1900685737 /* Build configuration list for PBXNativeTarget "RevvoTests" */ = {
			isa = XCConfigurationList;
			buildConfigurations = (
				368EAE272FC9AB1900685737 /* Debug */,
				368EAE282FC9AB1900685737 /* Release */,
			);
			defaultConfigurationIsVisible = 0;
			defaultConfigurationName = Release;
		};
		368EAE292FC9AB1900685737 /* Build configuration list for PBXNativeTarget "RevvoUITests" */ = {
			isa = XCConfigurationList;
			buildConfigurations = (
				368EAE2A2FC9AB1900685737 /* Debug */,
				368EAE2B2FC9AB1900685737 /* Release */,
			);
			defaultConfigurationIsVisible = 0;
			defaultConfigurationName = Release;
		};
/* End XCConfigurationList section */

/* Begin XCRemoteSwiftPackageReference section */
		368EAE5E2FCB113B00685737 /* XCRemoteSwiftPackageReference "LaTeXSwiftUI" */ = {
			isa = XCRemoteSwiftPackageReference;
			repositoryURL = "https://github.com/colinc86/LaTeXSwiftUI";
			requirement = {
				branch = main;
				kind = branch;
			};
		};
		368EAE6B2FCB303B00685737 /* XCRemoteSwiftPackageReference "purchases-ios" */ = {
			isa = XCRemoteSwiftPackageReference;
			repositoryURL = "https://github.com/RevenueCat/purchases-ios";
			requirement = {
				kind = upToNextMajorVersion;
				minimumVersion = 5.75.0;
			};
		};
/* End XCRemoteSwiftPackageReference section */

/* Begin XCSwiftPackageProductDependency section */
		368EAE622FCB124D00685737 /* LaTeXSwiftUI */ = {
			isa = XCSwiftPackageProductDependency;
			package = 368EAE5E2FCB113B00685737 /* XCRemoteSwiftPackageReference "LaTeXSwiftUI" */;
			productName = LaTeXSwiftUI;
		};
		368EAE6C2FCB303B00685737 /* RevenueCat */ = {
			isa = XCSwiftPackageProductDependency;
			package = 368EAE6B2FCB303B00685737 /* XCRemoteSwiftPackageReference "purchases-ios" */;
			productName = RevenueCat;
		};
/* End XCSwiftPackageProductDependency section */
	};
	rootObject = 368EADF82FC9AB1600685737 /* Project object */;
}
